
Microsoft Visual Studio Solution File, Format Version 12.00
# Visual Studio Version 17
VisualStudioVersion = 17.7.34024.191
MinimumVisualStudioVersion = 10.0.40219.1
Project("{FAE04EC0-301F-11D3-BF4B-00C04F79EFBC}") = "c-sharp-project-for-school", "c-sharp-project-for-school\c-sharp-project-for-school.csproj", "{C1F4803E-B629-40C9-AC78-3B5F3D9BDE5E}"
EndProject
Global
	GlobalSection(SolutionConfigurationPlatforms) = preSolution
		Debug|Any CPU = Debug|Any CPU
		Release|Any CPU = Release|Any CPU
	EndGlobalSection
	GlobalSection(ProjectConfigurationPlatforms) = postSolution
		{C1F4803E-B629-40C9-AC78-3B5F3D9BDE5E}.Debug|Any CPU.ActiveCfg = Debug|Any CPU
		{C1F4803E-B629-40C9-AC78-3B5F3D9BDE5E}.Debug|Any CPU.Build.0 = Debug|Any CPU
		{C1F4803E-B629-40C9-AC78-3B5F3D9BDE5E}.Release|Any CPU.ActiveCfg = Release|Any CPU
		{C1F4803E-B629-40C9-AC78-3B5F3D9BDE5E}.Release|Any CPU.Build.0 = Release|Any CPU
	EndGlobalSection
	GlobalSection(SolutionProperties) = preSolution
		HideSolutionNode = FALSE
	EndGlobalSection
	GlobalSection(ExtensibilityGlobals) = postSolution
		SolutionGuid = {8248A92B-5DD7-45DA-89BA-9322C4991EC6}
	EndGlobalSection
EndGlobal
